
Microsoft Visual Studio Solution File, Format Version 12.00
# Visual Studio Version 17
VisualStudioVersion = 17.8.34330.188
MinimumVisualStudioVersion = 10.0.40219.1
Project("{FAE04EC0-301F-11D3-BF4B-00C04F79EFBC}") = "AssisProBinarySearch", "AssisProBinarySearch\AssisProBinarySearch.csproj", "{F44430A5-8C9B-42A9-8786-5388C270C551}"
EndProject
Global
	GlobalSection(SolutionConfigurationPlatforms) = preSolution
		Debug|Any CPU = Debug|Any CPU
		Release|Any CPU = Release|Any CPU
	EndGlobalSection
	GlobalSection(ProjectConfigurationPlatforms) = postSolution
		{F44430A5-8C9B-42A9-8786-5388C270C551}.Debug|Any CPU.ActiveCfg = Debug|Any CPU
		{F44430A5-8C9B-42A9-8786-5388C270C551}.Debug|Any CPU.Build.0 = Debug|Any CPU
		{F44430A5-8C9B-42A9-8786-5388C270C551}.Release|Any CPU.ActiveCfg = Release|Any CPU
		{F44430A5-8C9B-42A9-8786-5388C270C551}.Release|Any CPU.Build.0 = Release|Any CPU
	EndGlobalSection
	GlobalSection(SolutionProperties) = preSolution
		HideSolutionNode = FALSE
	EndGlobalSection
	GlobalSection(ExtensibilityGlobals) = postSolution
		SolutionGuid = {F72F9CBB-9F08-48C5-BCEC-3D6B6B95E730}
	EndGlobalSection
EndGlobal
