
Microsoft Visual Studio Solution File, Format Version 12.00
# Visual Studio Version 17
VisualStudioVersion = 17.8.34330.188
MinimumVisualStudioVersion = 10.0.40219.1
Project("{FAE04EC0-301F-11D3-BF4B-00C04F79EFBC}") = "InsertionSort", "InsertionSort\InsertionSort.csproj", "{BC46CEB8-ACB9-4128-B1ED-54FD16E16AEF}"
EndProject
Global
	GlobalSection(SolutionConfigurationPlatforms) = preSolution
		Debug|Any CPU = Debug|Any CPU
		Release|Any CPU = Release|Any CPU
	EndGlobalSection
	GlobalSection(ProjectConfigurationPlatforms) = postSolution
		{BC46CEB8-ACB9-4128-B1ED-54FD16E16AEF}.Debug|Any CPU.ActiveCfg = Debug|Any CPU
		{BC46CEB8-ACB9-4128-B1ED-54FD16E16AEF}.Debug|Any CPU.Build.0 = Debug|Any CPU
		{BC46CEB8-ACB9-4128-B1ED-54FD16E16AEF}.Release|Any CPU.ActiveCfg = Release|Any CPU
		{BC46CEB8-ACB9-4128-B1ED-54FD16E16AEF}.Release|Any CPU.Build.0 = Release|Any CPU
	EndGlobalSection
	GlobalSection(SolutionProperties) = preSolution
		HideSolutionNode = FALSE
	EndGlobalSection
	GlobalSection(ExtensibilityGlobals) = postSolution
		SolutionGuid = {2B074D87-91D8-4526-B119-7A3B35BB8DF5}
	EndGlobalSection
EndGlobal
