
Microsoft Visual Studio Solution File, Format Version 12.00
# Visual Studio Version 17
VisualStudioVersion = 17.8.34330.188
MinimumVisualStudioVersion = 10.0.40219.1
Project("{FAE04EC0-301F-11D3-BF4B-00C04F79EFBC}") = "Arrays", "Arrays\Arrays.csproj", "{57DD6802-8D44-47E7-8EAE-D377E44D5541}"
EndProject
Global
	GlobalSection(SolutionConfigurationPlatforms) = preSolution
		Debug|Any CPU = Debug|Any CPU
		Release|Any CPU = Release|Any CPU
	EndGlobalSection
	GlobalSection(ProjectConfigurationPlatforms) = postSolution
		{57DD6802-8D44-47E7-8EAE-D377E44D5541}.Debug|Any CPU.ActiveCfg = Debug|Any CPU
		{57DD6802-8D44-47E7-8EAE-D377E44D5541}.Debug|Any CPU.Build.0 = Debug|Any CPU
		{57DD6802-8D44-47E7-8EAE-D377E44D5541}.Release|Any CPU.ActiveCfg = Release|Any CPU
		{57DD6802-8D44-47E7-8EAE-D377E44D5541}.Release|Any CPU.Build.0 = Release|Any CPU
	EndGlobalSection
	GlobalSection(SolutionProperties) = preSolution
		HideSolutionNode = FALSE
	EndGlobalSection
	GlobalSection(ExtensibilityGlobals) = postSolution
		SolutionGuid = {0D74A6DA-24F2-489A-A95B-C881DE832D47}
	EndGlobalSection
EndGlobal
