
Microsoft Visual Studio Solution File, Format Version 12.00
# Visual Studio Version 17
VisualStudioVersion = 17.8.34330.188
MinimumVisualStudioVersion = 10.0.40219.1
Project("{FAE04EC0-301F-11D3-BF4B-00C04F79EFBC}") = "AssisProQueue", "AssisProQueue\AssisProQueue.csproj", "{6585BAC8-1A27-4BFD-8AFF-CB8A438E8B41}"
EndProject
Global
	GlobalSection(SolutionConfigurationPlatforms) = preSolution
		Debug|Any CPU = Debug|Any CPU
		Release|Any CPU = Release|Any CPU
	EndGlobalSection
	GlobalSection(ProjectConfigurationPlatforms) = postSolution
		{6585BAC8-1A27-4BFD-8AFF-CB8A438E8B41}.Debug|Any CPU.ActiveCfg = Debug|Any CPU
		{6585BAC8-1A27-4BFD-8AFF-CB8A438E8B41}.Debug|Any CPU.Build.0 = Debug|Any CPU
		{6585BAC8-1A27-4BFD-8AFF-CB8A438E8B41}.Release|Any CPU.ActiveCfg = Release|Any CPU
		{6585BAC8-1A27-4BFD-8AFF-CB8A438E8B41}.Release|Any CPU.Build.0 = Release|Any CPU
	EndGlobalSection
	GlobalSection(SolutionProperties) = preSolution
		HideSolutionNode = FALSE
	EndGlobalSection
	GlobalSection(ExtensibilityGlobals) = postSolution
		SolutionGuid = {BC2B73FB-9CA4-467D-9D66-9E38A8932201}
	EndGlobalSection
EndGlobal
